
Microsoft Visual Studio Solution File, Format Version 12.00
# Visual Studio Version 16
VisualStudioVersion = 16.0.31410.357
MinimumVisualStudioVersion = 10.0.40219.1
Project("{FAE04EC0-301F-11D3-BF4B-00C04F79EFBC}") = "PingPong", "PingPong\PingPong.csproj", "{B82A1EAE-053B-4A8C-B61F-0F16B5439FB7}"
EndProject
Global
	GlobalSection(SolutionConfigurationPlatforms) = preSolution
		Debug|Any CPU = Debug|Any CPU
		Release|Any CPU = Release|Any CPU
	EndGlobalSection
	GlobalSection(ProjectConfigurationPlatforms) = postSolution
		{B82A1EAE-053B-4A8C-B61F-0F16B5439FB7}.Debug|Any CPU.ActiveCfg = Debug|Any CPU
		{B82A1EAE-053B-4A8C-B61F-0F16B5439FB7}.Debug|Any CPU.Build.0 = Debug|Any CPU
		{B82A1EAE-053B-4A8C-B61F-0F16B5439FB7}.Release|Any CPU.ActiveCfg = Release|Any CPU
		{B82A1EAE-053B-4A8C-B61F-0F16B5439FB7}.Release|Any CPU.Build.0 = Release|Any CPU
	EndGlobalSection
	GlobalSection(SolutionProperties) = preSolution
		HideSolutionNode = FALSE
	EndGlobalSection
	GlobalSection(ExtensibilityGlobals) = postSolution
		SolutionGuid = {C7B91A38-A4A6-4DFA-9BB9-AAA03A084770}
	EndGlobalSection
EndGlobal
